
Microsoft Visual Studio Solution File, Format Version 12.00
# Visual Studio Version 17
VisualStudioVersion = 17.4.33103.184
MinimumVisualStudioVersion = 10.0.40219.1
Project("{9A19103F-16F7-4668-BE54-9A1E7A4F7556}") = "DrustvenaMrezaFilmovi", "DrustvenaMrezaFilmovi\DrustvenaMrezaFilmovi.csproj", "{1575D874-8913-4F47-9509-C7BE0FEB3F51}"
EndProject
Global
	GlobalSection(SolutionConfigurationPlatforms) = preSolution
		Debug|Any CPU = Debug|Any CPU
		Release|Any CPU = Release|Any CPU
	EndGlobalSection
	GlobalSection(ProjectConfigurationPlatforms) = postSolution
		{1575D874-8913-4F47-9509-C7BE0FEB3F51}.Debug|Any CPU.ActiveCfg = Debug|Any CPU
		{1575D874-8913-4F47-9509-C7BE0FEB3F51}.Debug|Any CPU.Build.0 = Debug|Any CPU
		{1575D874-8913-4F47-9509-C7BE0FEB3F51}.Release|Any CPU.ActiveCfg = Release|Any CPU
		{1575D874-8913-4F47-9509-C7BE0FEB3F51}.Release|Any CPU.Build.0 = Release|Any CPU
	EndGlobalSection
	GlobalSection(SolutionProperties) = preSolution
		HideSolutionNode = FALSE
	EndGlobalSection
	GlobalSection(ExtensibilityGlobals) = postSolution
		SolutionGuid = {A3D84006-A14B-43DB-A186-DC3B8BF5EC94}
	EndGlobalSection
EndGlobal
